{
  "name": "redux-persist-expo-securestore",
  "version": "3.0.0",
  "lockfileVersion": 1,
  "requires": true,
  "dependencies": {
    "expo-secure-store": {
      "version": "8.1.0",
      "resolved": "https://registry.npmjs.org/expo-secure-store/-/expo-secure-store-8.1.0.tgz",
      "integrity": "sha512-EjCx9M2nH7iW3eNOjXl0I7oPypI0es6OStZakimR2iD8riLZp9LYHTj+39Iuz2o1m3OKi+bpwr3cHL52DxcDnA=="
    }
  }
}
