{
  "name": "redux-persist-expo-securestore",
  "version": "4.0.0",
  "lockfileVersion": 1,
  "requires": true,
  "dependencies": {
    "expo-secure-store": {
      "version": "9.0.1",
      "resolved": "https://registry.npmjs.org/expo-secure-store/-/expo-secure-store-9.0.1.tgz",
      "integrity": "sha512-+XgSZTelr57AyIJIGPcB/+QMrrm7wd8KFaF+TD8eJFwEN3B7s+tZyNoPH2JaJkAY0yh9FqcGG4kE3/YgK7GY3Q=="
    },
    "prettier": {
      "version": "1.19.1",
      "resolved": "https://registry.npmjs.org/prettier/-/prettier-1.19.1.tgz",
      "integrity": "sha512-s7PoyDv/II1ObgQunCbB9PdLmUcBZcnWOcxDh7O0N/UwDEsHyqkW+Qh28jW+mVuCdx7gLB0BotYI1Y6uI9iyew==",
      "dev": true
    }
  }
}
